
Microsoft Visual Studio Solution File, Format Version 12.00
# Visual Studio 15
VisualStudioVersion = 15.0.28307.572
MinimumVisualStudioVersion = 10.0.40219.1
Project("{FAE04EC0-301F-11D3-BF4B-00C04F79EFBC}") = "eCommerce", "eCommerce\eCommerce.csproj", "{A1B37011-8F83-4772-BF2A-9B9E8AD6734A}"
EndProject
Global
	GlobalSection(SolutionConfigurationPlatforms) = preSolution
		Debug|Any CPU = Debug|Any CPU
		Release|Any CPU = Release|Any CPU
	EndGlobalSection
	GlobalSection(ProjectConfigurationPlatforms) = postSolution
		{A1B37011-8F83-4772-BF2A-9B9E8AD6734A}.Debug|Any CPU.ActiveCfg = Debug|Any CPU
		{A1B37011-8F83-4772-BF2A-9B9E8AD6734A}.Debug|Any CPU.Build.0 = Debug|Any CPU
		{A1B37011-8F83-4772-BF2A-9B9E8AD6734A}.Release|Any CPU.ActiveCfg = Release|Any CPU
		{A1B37011-8F83-4772-BF2A-9B9E8AD6734A}.Release|Any CPU.Build.0 = Release|Any CPU
	EndGlobalSection
	GlobalSection(SolutionProperties) = preSolution
		HideSolutionNode = FALSE
	EndGlobalSection
	GlobalSection(ExtensibilityGlobals) = postSolution
		SolutionGuid = {4CE6829A-F185-48F0-8A0F-273B02653D42}
	EndGlobalSection
EndGlobal
